
Microsoft Visual Studio Solution File, Format Version 12.00
# Visual Studio Version 17
VisualStudioVersion = 17.14.36429.23 d17.14
MinimumVisualStudioVersion = 10.0.40219.1
Project("{FAE04EC0-301F-11D3-BF4B-00C04F79EFBC}") = "domBikeStores", "domBikeStores\domBikeStores.csproj", "{04E30B9E-422A-4D81-AC83-B97D4997066C}"
EndProject
Global
	GlobalSection(SolutionConfigurationPlatforms) = preSolution
		Debug|Any CPU = Debug|Any CPU
		Release|Any CPU = Release|Any CPU
	EndGlobalSection
	GlobalSection(ProjectConfigurationPlatforms) = postSolution
		{04E30B9E-422A-4D81-AC83-B97D4997066C}.Debug|Any CPU.ActiveCfg = Debug|Any CPU
		{04E30B9E-422A-4D81-AC83-B97D4997066C}.Debug|Any CPU.Build.0 = Debug|Any CPU
		{04E30B9E-422A-4D81-AC83-B97D4997066C}.Release|Any CPU.ActiveCfg = Release|Any CPU
		{04E30B9E-422A-4D81-AC83-B97D4997066C}.Release|Any CPU.Build.0 = Release|Any CPU
	EndGlobalSection
	GlobalSection(SolutionProperties) = preSolution
		HideSolutionNode = FALSE
	EndGlobalSection
	GlobalSection(ExtensibilityGlobals) = postSolution
		SolutionGuid = {4CF565C8-0BA4-4BF2-B5C5-FFC7834F5480}
	EndGlobalSection
EndGlobal
